
Microsoft Visual Studio Solution File, Format Version 12.00
# Visual Studio Version 17
VisualStudioVersion = 17.14.36408.4
MinimumVisualStudioVersion = 10.0.40219.1
Project("{FAE04EC0-301F-11D3-BF4B-00C04F79EFBC}") = "ChatApi", "ChatApi\ChatApi.csproj", "{FFA83958-B480-40CD-9FDE-4A8F5F48B641}"
EndProject
Project("{FAE04EC0-301F-11D3-BF4B-00C04F79EFBC}") = "ChatApi.Infrastructure", "ChatApi.Infrastructure\ChatApi.Infrastructure.csproj", "{76607473-2A3F-4741-800C-95C96FB6FA4C}"
EndProject
Project("{FAE04EC0-301F-11D3-BF4B-00C04F79EFBC}") = "ChatApi.Core", "ChatApi.Core\ChatApi.Core.csproj", "{8C4B30A0-6917-4602-AC9F-D82962D101DE}"
EndProject
Project("{FAE04EC0-301F-11D3-BF4B-00C04F79EFBC}") = "ChatApi.Services", "ChatApi.Services\ChatApi.Services.csproj", "{0D3C1CCC-268E-4BE3-A71D-FFC8C019104B}"
EndProject
Project("{E53339B2-1760-4266-BCC7-CA923CBCF16C}") = "docker-compose", "docker-compose.dcproj", "{81DDED9D-158B-E303-5F62-77A2896D2A5A}"
EndProject
Global
	GlobalSection(SolutionConfigurationPlatforms) = preSolution
		Debug|Any CPU = Debug|Any CPU
		Release|Any CPU = Release|Any CPU
	EndGlobalSection
	GlobalSection(ProjectConfigurationPlatforms) = postSolution
		{FFA83958-B480-40CD-9FDE-4A8F5F48B641}.Debug|Any CPU.ActiveCfg = Debug|Any CPU
		{FFA83958-B480-40CD-9FDE-4A8F5F48B641}.Debug|Any CPU.Build.0 = Debug|Any CPU
		{FFA83958-B480-40CD-9FDE-4A8F5F48B641}.Release|Any CPU.ActiveCfg = Release|Any CPU
		{FFA83958-B480-40CD-9FDE-4A8F5F48B641}.Release|Any CPU.Build.0 = Release|Any CPU
		{76607473-2A3F-4741-800C-95C96FB6FA4C}.Debug|Any CPU.ActiveCfg = Debug|Any CPU
		{76607473-2A3F-4741-800C-95C96FB6FA4C}.Debug|Any CPU.Build.0 = Debug|Any CPU
		{76607473-2A3F-4741-800C-95C96FB6FA4C}.Release|Any CPU.ActiveCfg = Release|Any CPU
		{76607473-2A3F-4741-800C-95C96FB6FA4C}.Release|Any CPU.Build.0 = Release|Any CPU
		{8C4B30A0-6917-4602-AC9F-D82962D101DE}.Debug|Any CPU.ActiveCfg = Debug|Any CPU
		{8C4B30A0-6917-4602-AC9F-D82962D101DE}.Debug|Any CPU.Build.0 = Debug|Any CPU
		{8C4B30A0-6917-4602-AC9F-D82962D101DE}.Release|Any CPU.ActiveCfg = Release|Any CPU
		{8C4B30A0-6917-4602-AC9F-D82962D101DE}.Release|Any CPU.Build.0 = Release|Any CPU
		{0D3C1CCC-268E-4BE3-A71D-FFC8C019104B}.Debug|Any CPU.ActiveCfg = Debug|Any CPU
		{0D3C1CCC-268E-4BE3-A71D-FFC8C019104B}.Debug|Any CPU.Build.0 = Debug|Any CPU
		{0D3C1CCC-268E-4BE3-A71D-FFC8C019104B}.Release|Any CPU.ActiveCfg = Release|Any CPU
		{0D3C1CCC-268E-4BE3-A71D-FFC8C019104B}.Release|Any CPU.Build.0 = Release|Any CPU
		{81DDED9D-158B-E303-5F62-77A2896D2A5A}.Debug|Any CPU.ActiveCfg = Debug|Any CPU
		{81DDED9D-158B-E303-5F62-77A2896D2A5A}.Debug|Any CPU.Build.0 = Debug|Any CPU
		{81DDED9D-158B-E303-5F62-77A2896D2A5A}.Release|Any CPU.ActiveCfg = Release|Any CPU
		{81DDED9D-158B-E303-5F62-77A2896D2A5A}.Release|Any CPU.Build.0 = Release|Any CPU
	EndGlobalSection
	GlobalSection(SolutionProperties) = preSolution
		HideSolutionNode = FALSE
	EndGlobalSection
	GlobalSection(ExtensibilityGlobals) = postSolution
		SolutionGuid = {50C9EF77-1417-4ED7-9013-551356EE0C7D}
	EndGlobalSection
EndGlobal
